
Microsoft Visual Studio Solution File, Format Version 12.00
# Visual Studio Version 16
VisualStudioVersion = 16.0.29613.14
MinimumVisualStudioVersion = 10.0.40219.1
Project("{FAE04EC0-301F-11D3-BF4B-00C04F79EFBC}") = "CRUDFirst", "CRUDFirst.csproj", "{5C72B25E-39FB-40E2-B72D-3DA3B8068BF1}"
EndProject
Global
	GlobalSection(SolutionConfigurationPlatforms) = preSolution
		Debug|Any CPU = Debug|Any CPU
		Release|Any CPU = Release|Any CPU
	EndGlobalSection
	GlobalSection(ProjectConfigurationPlatforms) = postSolution
		{5C72B25E-39FB-40E2-B72D-3DA3B8068BF1}.Debug|Any CPU.ActiveCfg = Debug|Any CPU
		{5C72B25E-39FB-40E2-B72D-3DA3B8068BF1}.Debug|Any CPU.Build.0 = Debug|Any CPU
		{5C72B25E-39FB-40E2-B72D-3DA3B8068BF1}.Release|Any CPU.ActiveCfg = Release|Any CPU
		{5C72B25E-39FB-40E2-B72D-3DA3B8068BF1}.Release|Any CPU.Build.0 = Release|Any CPU
	EndGlobalSection
	GlobalSection(SolutionProperties) = preSolution
		HideSolutionNode = FALSE
	EndGlobalSection
	GlobalSection(ExtensibilityGlobals) = postSolution
		SolutionGuid = {67112486-079B-4E1A-B108-C432026B62D5}
	EndGlobalSection
EndGlobal
